// !$*UTF8*$!
{
	archiveVersion = 1;
	classes = {
	};
	objectVersion = 46;
	objects = {

/* Begin PBXBuildFile section */
		B41034A16D9EF4C64BF85045 /* libPods-RemoteDataSync.a in Frameworks */ = {isa = PBXBuildFile; fileRef = 03B34125AACD399D74DFD844 /* libPods-RemoteDataSync.a */; };
		E0443BFC1C20C65B00DC4942 /* NSManagedObject+RDS.h in Headers */ = {isa = PBXBuildFile; fileRef = E0443BDC1C20C65B00DC4942 /* NSManagedObject+RDS.h */; };
		E0443BFD1C20C65B00DC4942 /* NSManagedObject+RDS.m in Sources */ = {isa = PBXBuildFile; fileRef = E0443BDD1C20C65B00DC4942 /* NSManagedObject+RDS.m */; };
		E0443BFE1C20C65B00DC4942 /* RDSAFNetworkConnector.h in Headers */ = {isa = PBXBuildFile; fileRef = E0443BDE1C20C65B00DC4942 /* RDSAFNetworkConnector.h */; };
		E0443BFF1C20C65B00DC4942 /* RDSAFNetworkConnector.m in Sources */ = {isa = PBXBuildFile; fileRef = E0443BDF1C20C65B00DC4942 /* RDSAFNetworkConnector.m */; };
		E0443C001C20C65B00DC4942 /* RDSCoreDataStore.h in Headers */ = {isa = PBXBuildFile; fileRef = E0443BE01C20C65B00DC4942 /* RDSCoreDataStore.h */; };
		E0443C011C20C65B00DC4942 /* RDSCoreDataStore.m in Sources */ = {isa = PBXBuildFile; fileRef = E0443BE11C20C65B00DC4942 /* RDSCoreDataStore.m */; };
		E0443C021C20C65B00DC4942 /* RDSDataStore.h in Headers */ = {isa = PBXBuildFile; fileRef = E0443BE21C20C65B00DC4942 /* RDSDataStore.h */; };
		E0443C031C20C65B00DC4942 /* RDSDictionaryRequestConfigurator.h in Headers */ = {isa = PBXBuildFile; fileRef = E0443BE31C20C65B00DC4942 /* RDSDictionaryRequestConfigurator.h */; };
		E0443C041C20C65B00DC4942 /* RDSDictionaryRequestConfigurator.m in Sources */ = {isa = PBXBuildFile; fileRef = E0443BE41C20C65B00DC4942 /* RDSDictionaryRequestConfigurator.m */; };
		E0443C051C20C65B00DC4942 /* RDSManager.h in Headers */ = {isa = PBXBuildFile; fileRef = E0443BE51C20C65B00DC4942 /* RDSManager.h */; };
		E0443C061C20C65B00DC4942 /* RDSManager.m in Sources */ = {isa = PBXBuildFile; fileRef = E0443BE61C20C65B00DC4942 /* RDSManager.m */; };
		E0443C071C20C65B00DC4942 /* RDSMapping.h in Headers */ = {isa = PBXBuildFile; fileRef = E0443BE71C20C65B00DC4942 /* RDSMapping.h */; };
		E0443C081C20C65B00DC4942 /* RDSMapping.m in Sources */ = {isa = PBXBuildFile; fileRef = E0443BE81C20C65B00DC4942 /* RDSMapping.m */; };
		E0443C091C20C65B00DC4942 /* RDSMapping+Protected.h in Headers */ = {isa = PBXBuildFile; fileRef = E0443BE91C20C65B00DC4942 /* RDSMapping+Protected.h */; };
		E0443C0A1C20C65B00DC4942 /* RDSMappingItem.h in Headers */ = {isa = PBXBuildFile; fileRef = E0443BEA1C20C65B00DC4942 /* RDSMappingItem.h */; };
		E0443C0B1C20C65B00DC4942 /* RDSMappingItem.m in Sources */ = {isa = PBXBuildFile; fileRef = E0443BEB1C20C65B00DC4942 /* RDSMappingItem.m */; };
		E0443C0C1C20C65B00DC4942 /* RDSMappingProvider.h in Headers */ = {isa = PBXBuildFile; fileRef = E0443BEC1C20C65B00DC4942 /* RDSMappingProvider.h */; };
		E0443C0D1C20C65B00DC4942 /* RDSMappingStore.h in Headers */ = {isa = PBXBuildFile; fileRef = E0443BED1C20C65B00DC4942 /* RDSMappingStore.h */; };
		E0443C0E1C20C65B00DC4942 /* RDSMappingStore.m in Sources */ = {isa = PBXBuildFile; fileRef = E0443BEE1C20C65B00DC4942 /* RDSMappingStore.m */; };
		E0443C0F1C20C65B00DC4942 /* RDSNetworkConnector.h in Headers */ = {isa = PBXBuildFile; fileRef = E0443BEF1C20C65B00DC4942 /* RDSNetworkConnector.h */; };
		E0443C101C20C65B00DC4942 /* RDSObjectFactory.h in Headers */ = {isa = PBXBuildFile; fileRef = E0443BF01C20C65B00DC4942 /* RDSObjectFactory.h */; };
		E0443C111C20C65B00DC4942 /* RDSObjectFactory.m in Sources */ = {isa = PBXBuildFile; fileRef = E0443BF11C20C65B00DC4942 /* RDSObjectFactory.m */; };
		E0443C121C20C65B00DC4942 /* RDSObjectFactoryCache.h in Headers */ = {isa = PBXBuildFile; fileRef = E0443BF21C20C65B00DC4942 /* RDSObjectFactoryCache.h */; };
		E0443C131C20C65B00DC4942 /* RDSObjectFactoryCache.m in Sources */ = {isa = PBXBuildFile; fileRef = E0443BF31C20C65B00DC4942 /* RDSObjectFactoryCache.m */; };
		E0443C141C20C65B00DC4942 /* RDSPLISTRequestConfigurator.h in Headers */ = {isa = PBXBuildFile; fileRef = E0443BF41C20C65B00DC4942 /* RDSPLISTRequestConfigurator.h */; };
		E0443C151C20C65B00DC4942 /* RDSPLISTRequestConfigurator.m in Sources */ = {isa = PBXBuildFile; fileRef = E0443BF51C20C65B00DC4942 /* RDSPLISTRequestConfigurator.m */; };
		E0443C161C20C65B00DC4942 /* RDSRequestConfiguration.h in Headers */ = {isa = PBXBuildFile; fileRef = E0443BF61C20C65B00DC4942 /* RDSRequestConfiguration.h */; };
		E0443C171C20C65B00DC4942 /* RDSRequestConfiguration.m in Sources */ = {isa = PBXBuildFile; fileRef = E0443BF71C20C65B00DC4942 /* RDSRequestConfiguration.m */; };
		E0443C181C20C65B00DC4942 /* RDSRequestConfigurator.h in Headers */ = {isa = PBXBuildFile; fileRef = E0443BF81C20C65B00DC4942 /* RDSRequestConfigurator.h */; };
		E0443C191C20C65B00DC4942 /* RDSTypeConverter.h in Headers */ = {isa = PBXBuildFile; fileRef = E0443BF91C20C65B00DC4942 /* RDSTypeConverter.h */; };
		E0443C1A1C20C65B00DC4942 /* RDSTypeConverter.m in Sources */ = {isa = PBXBuildFile; fileRef = E0443BFA1C20C65B00DC4942 /* RDSTypeConverter.m */; };
		E0443C1B1C20C65B00DC4942 /* RemoteDataSync.h in Headers */ = {isa = PBXBuildFile; fileRef = E0443BFB1C20C65B00DC4942 /* RemoteDataSync.h */; };
		E0443C241C20C87100DC4942 /* main.m in Sources */ = {isa = PBXBuildFile; fileRef = E0443C231C20C87100DC4942 /* main.m */; };
		E0443C271C20C87100DC4942 /* AppDelegate.m in Sources */ = {isa = PBXBuildFile; fileRef = E0443C261C20C87100DC4942 /* AppDelegate.m */; };
		E0443C2A1C20C87100DC4942 /* ViewController.m in Sources */ = {isa = PBXBuildFile; fileRef = E0443C291C20C87100DC4942 /* ViewController.m */; };
		E0443C2D1C20C87100DC4942 /* Main.storyboard in Resources */ = {isa = PBXBuildFile; fileRef = E0443C2B1C20C87100DC4942 /* Main.storyboard */; };
		E0443C2F1C20C87100DC4942 /* Assets.xcassets in Resources */ = {isa = PBXBuildFile; fileRef = E0443C2E1C20C87100DC4942 /* Assets.xcassets */; };
		E0443C321C20C87100DC4942 /* LaunchScreen.storyboard in Resources */ = {isa = PBXBuildFile; fileRef = E0443C301C20C87100DC4942 /* LaunchScreen.storyboard */; };
		E0443C401C20CDBF00DC4942 /* Model.xcdatamodeld in Sources */ = {isa = PBXBuildFile; fileRef = E0443C3E1C20CDBF00DC4942 /* Model.xcdatamodeld */; };
		E0443C411C20CE6500DC4942 /* NSManagedObject+RDS.m in Sources */ = {isa = PBXBuildFile; fileRef = E0443BDD1C20C65B00DC4942 /* NSManagedObject+RDS.m */; };
		E0443C421C20CE6500DC4942 /* RDSAFNetworkConnector.m in Sources */ = {isa = PBXBuildFile; fileRef = E0443BDF1C20C65B00DC4942 /* RDSAFNetworkConnector.m */; };
		E0443C431C20CE6500DC4942 /* RDSCoreDataStore.m in Sources */ = {isa = PBXBuildFile; fileRef = E0443BE11C20C65B00DC4942 /* RDSCoreDataStore.m */; };
		E0443C441C20CE6500DC4942 /* RDSDictionaryRequestConfigurator.m in Sources */ = {isa = PBXBuildFile; fileRef = E0443BE41C20C65B00DC4942 /* RDSDictionaryRequestConfigurator.m */; };
		E0443C451C20CE6500DC4942 /* RDSManager.m in Sources */ = {isa = PBXBuildFile; fileRef = E0443BE61C20C65B00DC4942 /* RDSManager.m */; };
		E0443C461C20CE6500DC4942 /* RDSMapping.m in Sources */ = {isa = PBXBuildFile; fileRef = E0443BE81C20C65B00DC4942 /* RDSMapping.m */; };
		E0443C471C20CE6500DC4942 /* RDSMappingItem.m in Sources */ = {isa = PBXBuildFile; fileRef = E0443BEB1C20C65B00DC4942 /* RDSMappingItem.m */; };
		E0443C481C20CE6500DC4942 /* RDSMappingStore.m in Sources */ = {isa = PBXBuildFile; fileRef = E0443BEE1C20C65B00DC4942 /* RDSMappingStore.m */; };
		E0443C491C20CE6500DC4942 /* RDSObjectFactory.m in Sources */ = {isa = PBXBuildFile; fileRef = E0443BF11C20C65B00DC4942 /* RDSObjectFactory.m */; };
		E0443C4A1C20CE6500DC4942 /* RDSObjectFactoryCache.m in Sources */ = {isa = PBXBuildFile; fileRef = E0443BF31C20C65B00DC4942 /* RDSObjectFactoryCache.m */; };
		E0443C4B1C20CE6500DC4942 /* RDSPLISTRequestConfigurator.m in Sources */ = {isa = PBXBuildFile; fileRef = E0443BF51C20C65B00DC4942 /* RDSPLISTRequestConfigurator.m */; };
		E0443C4C1C20CE6500DC4942 /* RDSRequestConfiguration.m in Sources */ = {isa = PBXBuildFile; fileRef = E0443BF71C20C65B00DC4942 /* RDSRequestConfiguration.m */; };
		E0443C4D1C20CE6500DC4942 /* RDSTypeConverter.m in Sources */ = {isa = PBXBuildFile; fileRef = E0443BFA1C20C65B00DC4942 /* RDSTypeConverter.m */; };
		E0443C521C20D04B00DC4942 /* Login+CoreDataProperties.m in Sources */ = {isa = PBXBuildFile; fileRef = E0443C4F1C20D04B00DC4942 /* Login+CoreDataProperties.m */; };
		E0443C531C20D04B00DC4942 /* Login.m in Sources */ = {isa = PBXBuildFile; fileRef = E0443C511C20D04B00DC4942 /* Login.m */; };
		E0443C561C20D06000DC4942 /* NetworkManager.m in Sources */ = {isa = PBXBuildFile; fileRef = E0443C551C20D06000DC4942 /* NetworkManager.m */; };
		E330193901D2F1A99D9582D0 /* libPods-Sample.a in Frameworks */ = {isa = PBXBuildFile; fileRef = 00FCB88554C4D0B94CC09ADA /* libPods-Sample.a */; };
/* End PBXBuildFile section */

/* Begin PBXFileReference section */
		00FCB88554C4D0B94CC09ADA /* libPods-Sample.a */ = {isa = PBXFileReference; explicitFileType = archive.ar; includeInIndex = 0; path = "libPods-Sample.a"; sourceTree = BUILT_PRODUCTS_DIR; };
		03A46003097306C8D38887F2 /* Pods-RemoteDataSync.debug.xcconfig */ = {isa = PBXFileReference; includeInIndex = 1; lastKnownFileType = text.xcconfig; name = "Pods-RemoteDataSync.debug.xcconfig"; path = "Pods/Target Support Files/Pods-RemoteDataSync/Pods-RemoteDataSync.debug.xcconfig"; sourceTree = "<group>"; };
		03B34125AACD399D74DFD844 /* libPods-RemoteDataSync.a */ = {isa = PBXFileReference; explicitFileType = archive.ar; includeInIndex = 0; path = "libPods-RemoteDataSync.a"; sourceTree = BUILT_PRODUCTS_DIR; };
		2C97B6240BB104B7C85381BE /* Pods-Sample.debug.xcconfig */ = {isa = PBXFileReference; includeInIndex = 1; lastKnownFileType = text.xcconfig; name = "Pods-Sample.debug.xcconfig"; path = "Pods/Target Support Files/Pods-Sample/Pods-Sample.debug.xcconfig"; sourceTree = "<group>"; };
		9CA7F0DEBE86569E0161D253 /* Pods-RemoteDataSync.release.xcconfig */ = {isa = PBXFileReference; includeInIndex = 1; lastKnownFileType = text.xcconfig; name = "Pods-RemoteDataSync.release.xcconfig"; path = "Pods/Target Support Files/Pods-RemoteDataSync/Pods-RemoteDataSync.release.xcconfig"; sourceTree = "<group>"; };
		DEEFAEBD8F6C812F1970C168 /* Pods-Sample.release.xcconfig */ = {isa = PBXFileReference; includeInIndex = 1; lastKnownFileType = text.xcconfig; name = "Pods-Sample.release.xcconfig"; path = "Pods/Target Support Files/Pods-Sample/Pods-Sample.release.xcconfig"; sourceTree = "<group>"; };
		E0443BDC1C20C65B00DC4942 /* NSManagedObject+RDS.h */ = {isa = PBXFileReference; fileEncoding = 4; lastKnownFileType = sourcecode.c.h; path = "NSManagedObject+RDS.h"; sourceTree = "<group>"; };
		E0443BDD1C20C65B00DC4942 /* NSManagedObject+RDS.m */ = {isa = PBXFileReference; fileEncoding = 4; lastKnownFileType = sourcecode.c.objc; path = "NSManagedObject+RDS.m"; sourceTree = "<group>"; };
		E0443BDE1C20C65B00DC4942 /* RDSAFNetworkConnector.h */ = {isa = PBXFileReference; fileEncoding = 4; lastKnownFileType = sourcecode.c.h; path = RDSAFNetworkConnector.h; sourceTree = "<group>"; };
		E0443BDF1C20C65B00DC4942 /* RDSAFNetworkConnector.m */ = {isa = PBXFileReference; fileEncoding = 4; lastKnownFileType = sourcecode.c.objc; path = RDSAFNetworkConnector.m; sourceTree = "<group>"; };
		E0443BE01C20C65B00DC4942 /* RDSCoreDataStore.h */ = {isa = PBXFileReference; fileEncoding = 4; lastKnownFileType = sourcecode.c.h; path = RDSCoreDataStore.h; sourceTree = "<group>"; };
		E0443BE11C20C65B00DC4942 /* RDSCoreDataStore.m */ = {isa = PBXFileReference; fileEncoding = 4; lastKnownFileType = sourcecode.c.objc; path = RDSCoreDataStore.m; sourceTree = "<group>"; };
		E0443BE21C20C65B00DC4942 /* RDSDataStore.h */ = {isa = PBXFileReference; fileEncoding = 4; lastKnownFileType = sourcecode.c.h; path = RDSDataStore.h; sourceTree = "<group>"; };
		E0443BE31C20C65B00DC4942 /* RDSDictionaryRequestConfigurator.h */ = {isa = PBXFileReference; fileEncoding = 4; lastKnownFileType = sourcecode.c.h; path = RDSDictionaryRequestConfigurator.h; sourceTree = "<group>"; };
		E0443BE41C20C65B00DC4942 /* RDSDictionaryRequestConfigurator.m */ = {isa = PBXFileReference; fileEncoding = 4; lastKnownFileType = sourcecode.c.objc; path = RDSDictionaryRequestConfigurator.m; sourceTree = "<group>"; };
		E0443BE51C20C65B00DC4942 /* RDSManager.h */ = {isa = PBXFileReference; fileEncoding = 4; lastKnownFileType = sourcecode.c.h; path = RDSManager.h; sourceTree = "<group>"; };
		E0443BE61C20C65B00DC4942 /* RDSManager.m */ = {isa = PBXFileReference; fileEncoding = 4; lastKnownFileType = sourcecode.c.objc; path = RDSManager.m; sourceTree = "<group>"; };
		E0443BE71C20C65B00DC4942 /* RDSMapping.h */ = {isa = PBXFileReference; fileEncoding = 4; lastKnownFileType = sourcecode.c.h; path = RDSMapping.h; sourceTree = "<group>"; };
		E0443BE81C20C65B00DC4942 /* RDSMapping.m */ = {isa = PBXFileReference; fileEncoding = 4; lastKnownFileType = sourcecode.c.objc; path = RDSMapping.m; sourceTree = "<group>"; };
		E0443BE91C20C65B00DC4942 /* RDSMapping+Protected.h */ = {isa = PBXFileReference; fileEncoding = 4; lastKnownFileType = sourcecode.c.h; path = "RDSMapping+Protected.h"; sourceTree = "<group>"; };
		E0443BEA1C20C65B00DC4942 /* RDSMappingItem.h */ = {isa = PBXFileReference; fileEncoding = 4; lastKnownFileType = sourcecode.c.h; path = RDSMappingItem.h; sourceTree = "<group>"; };
		E0443BEB1C20C65B00DC4942 /* RDSMappingItem.m */ = {isa = PBXFileReference; fileEncoding = 4; lastKnownFileType = sourcecode.c.objc; path = RDSMappingItem.m; sourceTree = "<group>"; };
		E0443BEC1C20C65B00DC4942 /* RDSMappingProvider.h */ = {isa = PBXFileReference; fileEncoding = 4; lastKnownFileType = sourcecode.c.h; path = RDSMappingProvider.h; sourceTree = "<group>"; };
		E0443BED1C20C65B00DC4942 /* RDSMappingStore.h */ = {isa = PBXFileReference; fileEncoding = 4; lastKnownFileType = sourcecode.c.h; path = RDSMappingStore.h; sourceTree = "<group>"; };
		E0443BEE1C20C65B00DC4942 /* RDSMappingStore.m */ = {isa = PBXFileReference; fileEncoding = 4; lastKnownFileType = sourcecode.c.objc; path = RDSMappingStore.m; sourceTree = "<group>"; };
		E0443BEF1C20C65B00DC4942 /* RDSNetworkConnector.h */ = {isa = PBXFileReference; fileEncoding = 4; lastKnownFileType = sourcecode.c.h; path = RDSNetworkConnector.h; sourceTree = "<group>"; };
		E0443BF01C20C65B00DC4942 /* RDSObjectFactory.h */ = {isa = PBXFileReference; fileEncoding = 4; lastKnownFileType = sourcecode.c.h; path = RDSObjectFactory.h; sourceTree = "<group>"; };
		E0443BF11C20C65B00DC4942 /* RDSObjectFactory.m */ = {isa = PBXFileReference; fileEncoding = 4; lastKnownFileType = sourcecode.c.objc; path = RDSObjectFactory.m; sourceTree = "<group>"; };
		E0443BF21C20C65B00DC4942 /* RDSObjectFactoryCache.h */ = {isa = PBXFileReference; fileEncoding = 4; lastKnownFileType = sourcecode.c.h; path = RDSObjectFactoryCache.h; sourceTree = "<group>"; };
		E0443BF31C20C65B00DC4942 /* RDSObjectFactoryCache.m */ = {isa = PBXFileReference; fileEncoding = 4; lastKnownFileType = sourcecode.c.objc; path = RDSObjectFactoryCache.m; sourceTree = "<group>"; };
		E0443BF41C20C65B00DC4942 /* RDSPLISTRequestConfigurator.h */ = {isa = PBXFileReference; fileEncoding = 4; lastKnownFileType = sourcecode.c.h; path = RDSPLISTRequestConfigurator.h; sourceTree = "<group>"; };
		E0443BF51C20C65B00DC4942 /* RDSPLISTRequestConfigurator.m */ = {isa = PBXFileReference; fileEncoding = 4; lastKnownFileType = sourcecode.c.objc; path = RDSPLISTRequestConfigurator.m; sourceTree = "<group>"; };
		E0443BF61C20C65B00DC4942 /* RDSRequestConfiguration.h */ = {isa = PBXFileReference; fileEncoding = 4; lastKnownFileType = sourcecode.c.h; path = RDSRequestConfiguration.h; sourceTree = "<group>"; };
		E0443BF71C20C65B00DC4942 /* RDSRequestConfiguration.m */ = {isa = PBXFileReference; fileEncoding = 4; lastKnownFileType = sourcecode.c.objc; path = RDSRequestConfiguration.m; sourceTree = "<group>"; };
		E0443BF81C20C65B00DC4942 /* RDSRequestConfigurator.h */ = {isa = PBXFileReference; fileEncoding = 4; lastKnownFileType = sourcecode.c.h; path = RDSRequestConfigurator.h; sourceTree = "<group>"; };
		E0443BF91C20C65B00DC4942 /* RDSTypeConverter.h */ = {isa = PBXFileReference; fileEncoding = 4; lastKnownFileType = sourcecode.c.h; path = RDSTypeConverter.h; sourceTree = "<group>"; };
		E0443BFA1C20C65B00DC4942 /* RDSTypeConverter.m */ = {isa = PBXFileReference; fileEncoding = 4; lastKnownFileType = sourcecode.c.objc; path = RDSTypeConverter.m; sourceTree = "<group>"; };
		E0443BFB1C20C65B00DC4942 /* RemoteDataSync.h */ = {isa = PBXFileReference; fileEncoding = 4; lastKnownFileType = sourcecode.c.h; path = RemoteDataSync.h; sourceTree = "<group>"; };
		E0443C201C20C87100DC4942 /* Sample.app */ = {isa = PBXFileReference; explicitFileType = wrapper.application; includeInIndex = 0; path = Sample.app; sourceTree = BUILT_PRODUCTS_DIR; };
		E0443C231C20C87100DC4942 /* main.m */ = {isa = PBXFileReference; lastKnownFileType = sourcecode.c.objc; path = main.m; sourceTree = "<group>"; };
		E0443C251C20C87100DC4942 /* AppDelegate.h */ = {isa = PBXFileReference; lastKnownFileType = sourcecode.c.h; path = AppDelegate.h; sourceTree = "<group>"; };
		E0443C261C20C87100DC4942 /* AppDelegate.m */ = {isa = PBXFileReference; lastKnownFileType = sourcecode.c.objc; path = AppDelegate.m; sourceTree = "<group>"; };
		E0443C281C20C87100DC4942 /* ViewController.h */ = {isa = PBXFileReference; lastKnownFileType = sourcecode.c.h; path = ViewController.h; sourceTree = "<group>"; };
		E0443C291C20C87100DC4942 /* ViewController.m */ = {isa = PBXFileReference; lastKnownFileType = sourcecode.c.objc; path = ViewController.m; sourceTree = "<group>"; };
		E0443C2C1C20C87100DC4942 /* Base */ = {isa = PBXFileReference; lastKnownFileType = file.storyboard; name = Base; path = Base.lproj/Main.storyboard; sourceTree = "<group>"; };
		E0443C2E1C20C87100DC4942 /* Assets.xcassets */ = {isa = PBXFileReference; lastKnownFileType = folder.assetcatalog; path = Assets.xcassets; sourceTree = "<group>"; };
		E0443C311C20C87100DC4942 /* Base */ = {isa = PBXFileReference; lastKnownFileType = file.storyboard; name = Base; path = Base.lproj/LaunchScreen.storyboard; sourceTree = "<group>"; };
		E0443C331C20C87100DC4942 /* Info.plist */ = {isa = PBXFileReference; lastKnownFileType = text.plist.xml; path = Info.plist; sourceTree = "<group>"; };
		E0443C3F1C20CDBF00DC4942 /* Model.xcdatamodel */ = {isa = PBXFileReference; lastKnownFileType = wrapper.xcdatamodel; path = Model.xcdatamodel; sourceTree = "<group>"; };
		E0443C4E1C20D04B00DC4942 /* Login+CoreDataProperties.h */ = {isa = PBXFileReference; fileEncoding = 4; lastKnownFileType = sourcecode.c.h; path = "Login+CoreDataProperties.h"; sourceTree = "<group>"; };
		E0443C4F1C20D04B00DC4942 /* Login+CoreDataProperties.m */ = {isa = PBXFileReference; fileEncoding = 4; lastKnownFileType = sourcecode.c.objc; path = "Login+CoreDataProperties.m"; sourceTree = "<group>"; };
		E0443C501C20D04B00DC4942 /* Login.h */ = {isa = PBXFileReference; fileEncoding = 4; lastKnownFileType = sourcecode.c.h; path = Login.h; sourceTree = "<group>"; };
		E0443C511C20D04B00DC4942 /* Login.m */ = {isa = PBXFileReference; fileEncoding = 4; lastKnownFileType = sourcecode.c.objc; path = Login.m; sourceTree = "<group>"; };
		E0443C541C20D06000DC4942 /* NetworkManager.h */ = {isa = PBXFileReference; fileEncoding = 4; lastKnownFileType = sourcecode.c.h; path = NetworkManager.h; sourceTree = "<group>"; };
		E0443C551C20D06000DC4942 /* NetworkManager.m */ = {isa = PBXFileReference; fileEncoding = 4; lastKnownFileType = sourcecode.c.objc; path = NetworkManager.m; sourceTree = "<group>"; };
		E0559C581C0E2A930038C5AD /* RemoteDataSync.framework */ = {isa = PBXFileReference; explicitFileType = wrapper.framework; includeInIndex = 0; path = RemoteDataSync.framework; sourceTree = BUILT_PRODUCTS_DIR; };
		E0559C5D1C0E2A930038C5AD /* Info.plist */ = {isa = PBXFileReference; lastKnownFileType = text.plist.xml; path = Info.plist; sourceTree = "<group>"; };
/* End PBXFileReference section */

/* Begin PBXFrameworksBuildPhase section */
		E0443C1D1C20C87100DC4942 /* Frameworks */ = {
			isa = PBXFrameworksBuildPhase;
			buildActionMask = 2147483647;
			files = (
				E330193901D2F1A99D9582D0 /* libPods-Sample.a in Frameworks */,
			);
			runOnlyForDeploymentPostprocessing = 0;
		};
		E0559C541C0E2A930038C5AD /* Frameworks */ = {
			isa = PBXFrameworksBuildPhase;
			buildActionMask = 2147483647;
			files = (
				B41034A16D9EF4C64BF85045 /* libPods-RemoteDataSync.a in Frameworks */,
			);
			runOnlyForDeploymentPostprocessing = 0;
		};
/* End PBXFrameworksBuildPhase section */

/* Begin PBXGroup section */
		02A5929720AD6E161DBF7BF8 /* Frameworks */ = {
			isa = PBXGroup;
			children = (
				03B34125AACD399D74DFD844 /* libPods-RemoteDataSync.a */,
				00FCB88554C4D0B94CC09ADA /* libPods-Sample.a */,
			);
			name = Frameworks;
			sourceTree = "<group>";
		};
		9D0DCD53812B37A10FB640BC /* Pods */ = {
			isa = PBXGroup;
			children = (
				03A46003097306C8D38887F2 /* Pods-RemoteDataSync.debug.xcconfig */,
				9CA7F0DEBE86569E0161D253 /* Pods-RemoteDataSync.release.xcconfig */,
				2C97B6240BB104B7C85381BE /* Pods-Sample.debug.xcconfig */,
				DEEFAEBD8F6C812F1970C168 /* Pods-Sample.release.xcconfig */,
			);
			name = Pods;
			sourceTree = "<group>";
		};
		E0443C211C20C87100DC4942 /* Sample */ = {
			isa = PBXGroup;
			children = (
				E0443C251C20C87100DC4942 /* AppDelegate.h */,
				E0443C261C20C87100DC4942 /* AppDelegate.m */,
				E0443C281C20C87100DC4942 /* ViewController.h */,
				E0443C291C20C87100DC4942 /* ViewController.m */,
				E0443C2B1C20C87100DC4942 /* Main.storyboard */,
				E0443C2E1C20C87100DC4942 /* Assets.xcassets */,
				E0443C301C20C87100DC4942 /* LaunchScreen.storyboard */,
				E0443C331C20C87100DC4942 /* Info.plist */,
				E0443C221C20C87100DC4942 /* Supporting Files */,
				E0443C3E1C20CDBF00DC4942 /* Model.xcdatamodeld */,
				E0443C4E1C20D04B00DC4942 /* Login+CoreDataProperties.h */,
				E0443C4F1C20D04B00DC4942 /* Login+CoreDataProperties.m */,
				E0443C501C20D04B00DC4942 /* Login.h */,
				E0443C511C20D04B00DC4942 /* Login.m */,
				E0443C541C20D06000DC4942 /* NetworkManager.h */,
				E0443C551C20D06000DC4942 /* NetworkManager.m */,
			);
			path = Sample;
			sourceTree = "<group>";
		};
		E0443C221C20C87100DC4942 /* Supporting Files */ = {
			isa = PBXGroup;
			children = (
				E0443C231C20C87100DC4942 /* main.m */,
			);
			name = "Supporting Files";
			sourceTree = "<group>";
		};
		E0559C4E1C0E2A930038C5AD = {
			isa = PBXGroup;
			children = (
				E0559C5A1C0E2A930038C5AD /* RemoteDataSync */,
				E0443C211C20C87100DC4942 /* Sample */,
				E0559C591C0E2A930038C5AD /* Products */,
				9D0DCD53812B37A10FB640BC /* Pods */,
				02A5929720AD6E161DBF7BF8 /* Frameworks */,
			);
			sourceTree = "<group>";
		};
		E0559C591C0E2A930038C5AD /* Products */ = {
			isa = PBXGroup;
			children = (
				E0559C581C0E2A930038C5AD /* RemoteDataSync.framework */,
				E0443C201C20C87100DC4942 /* Sample.app */,
			);
			name = Products;
			sourceTree = "<group>";
		};
		E0559C5A1C0E2A930038C5AD /* RemoteDataSync */ = {
			isa = PBXGroup;
			children = (
				E0443BDC1C20C65B00DC4942 /* NSManagedObject+RDS.h */,
				E0443BDD1C20C65B00DC4942 /* NSManagedObject+RDS.m */,
				E0443BDE1C20C65B00DC4942 /* RDSAFNetworkConnector.h */,
				E0443BDF1C20C65B00DC4942 /* RDSAFNetworkConnector.m */,
				E0443BE01C20C65B00DC4942 /* RDSCoreDataStore.h */,
				E0443BE11C20C65B00DC4942 /* RDSCoreDataStore.m */,
				E0443BE21C20C65B00DC4942 /* RDSDataStore.h */,
				E0443BE31C20C65B00DC4942 /* RDSDictionaryRequestConfigurator.h */,
				E0443BE41C20C65B00DC4942 /* RDSDictionaryRequestConfigurator.m */,
				E0443BE51C20C65B00DC4942 /* RDSManager.h */,
				E0443BE61C20C65B00DC4942 /* RDSManager.m */,
				E0443BE71C20C65B00DC4942 /* RDSMapping.h */,
				E0443BE81C20C65B00DC4942 /* RDSMapping.m */,
				E0443BE91C20C65B00DC4942 /* RDSMapping+Protected.h */,
				E0443BEA1C20C65B00DC4942 /* RDSMappingItem.h */,
				E0443BEB1C20C65B00DC4942 /* RDSMappingItem.m */,
				E0443BEC1C20C65B00DC4942 /* RDSMappingProvider.h */,
				E0443BED1C20C65B00DC4942 /* RDSMappingStore.h */,
				E0443BEE1C20C65B00DC4942 /* RDSMappingStore.m */,
				E0443BEF1C20C65B00DC4942 /* RDSNetworkConnector.h */,
				E0443BF01C20C65B00DC4942 /* RDSObjectFactory.h */,
				E0443BF11C20C65B00DC4942 /* RDSObjectFactory.m */,
				E0443BF21C20C65B00DC4942 /* RDSObjectFactoryCache.h */,
				E0443BF31C20C65B00DC4942 /* RDSObjectFactoryCache.m */,
				E0443BF41C20C65B00DC4942 /* RDSPLISTRequestConfigurator.h */,
				E0443BF51C20C65B00DC4942 /* RDSPLISTRequestConfigurator.m */,
				E0443BF61C20C65B00DC4942 /* RDSRequestConfiguration.h */,
				E0443BF71C20C65B00DC4942 /* RDSRequestConfiguration.m */,
				E0443BF81C20C65B00DC4942 /* RDSRequestConfigurator.h */,
				E0443BF91C20C65B00DC4942 /* RDSTypeConverter.h */,
				E0443BFA1C20C65B00DC4942 /* RDSTypeConverter.m */,
				E0443BFB1C20C65B00DC4942 /* RemoteDataSync.h */,
				E0559C5D1C0E2A930038C5AD /* Info.plist */,
			);
			path = RemoteDataSync;
			sourceTree = "<group>";
		};
/* End PBXGroup section */

/* Begin PBXHeadersBuildPhase section */
		E0559C551C0E2A930038C5AD /* Headers */ = {
			isa = PBXHeadersBuildPhase;
			buildActionMask = 2147483647;
			files = (
				E0443C0C1C20C65B00DC4942 /* RDSMappingProvider.h in Headers */,
				E0443C121C20C65B00DC4942 /* RDSObjectFactoryCache.h in Headers */,
				E0443C051C20C65B00DC4942 /* RDSManager.h in Headers */,
				E0443C021C20C65B00DC4942 /* RDSDataStore.h in Headers */,
				E0443C071C20C65B00DC4942 /* RDSMapping.h in Headers */,
				E0443C001C20C65B00DC4942 /* RDSCoreDataStore.h in Headers */,
				E0443C141C20C65B00DC4942 /* RDSPLISTRequestConfigurator.h in Headers */,
				E0443BFE1C20C65B00DC4942 /* RDSAFNetworkConnector.h in Headers */,
				E0443C1B1C20C65B00DC4942 /* RemoteDataSync.h in Headers */,
				E0443C181C20C65B00DC4942 /* RDSRequestConfigurator.h in Headers */,
				E0443C0D1C20C65B00DC4942 /* RDSMappingStore.h in Headers */,
				E0443C161C20C65B00DC4942 /* RDSRequestConfiguration.h in Headers */,
				E0443C101C20C65B00DC4942 /* RDSObjectFactory.h in Headers */,
				E0443C031C20C65B00DC4942 /* RDSDictionaryRequestConfigurator.h in Headers */,
				E0443C191C20C65B00DC4942 /* RDSTypeConverter.h in Headers */,
				E0443C0A1C20C65B00DC4942 /* RDSMappingItem.h in Headers */,
				E0443C0F1C20C65B00DC4942 /* RDSNetworkConnector.h in Headers */,
				E0443C091C20C65B00DC4942 /* RDSMapping+Protected.h in Headers */,
				E0443BFC1C20C65B00DC4942 /* NSManagedObject+RDS.h in Headers */,
			);
			runOnlyForDeploymentPostprocessing = 0;
		};
/* End PBXHeadersBuildPhase section */

/* Begin PBXNativeTarget section */
		E0443C1F1C20C87100DC4942 /* Sample */ = {
			isa = PBXNativeTarget;
			buildConfigurationList = E0443C361C20C87100DC4942 /* Build configuration list for PBXNativeTarget "Sample" */;
			buildPhases = (
				C73993DC04A9E9A7E0B111A6 /* Check Pods Manifest.lock */,
				E0443C1C1C20C87100DC4942 /* Sources */,
				E0443C1D1C20C87100DC4942 /* Frameworks */,
				E0443C1E1C20C87100DC4942 /* Resources */,
				015E8C35686B827CAAA37215 /* Embed Pods Frameworks */,
				ED4218312E88FE2DF227178B /* Copy Pods Resources */,
			);
			buildRules = (
			);
			dependencies = (
			);
			name = Sample;
			productName = Sample;
			productReference = E0443C201C20C87100DC4942 /* Sample.app */;
			productType = "com.apple.product-type.application";
		};
		E0559C571C0E2A930038C5AD /* RemoteDataSync */ = {
			isa = PBXNativeTarget;
			buildConfigurationList = E0559C601C0E2A930038C5AD /* Build configuration list for PBXNativeTarget "RemoteDataSync" */;
			buildPhases = (
				71B3FAF8307CD9D9E688563B /* Check Pods Manifest.lock */,
				E0559C531C0E2A930038C5AD /* Sources */,
				E0559C541C0E2A930038C5AD /* Frameworks */,
				E0559C551C0E2A930038C5AD /* Headers */,
				E0559C561C0E2A930038C5AD /* Resources */,
				8869FAA2BC041E329919A7B5 /* Copy Pods Resources */,
			);
			buildRules = (
			);
			dependencies = (
			);
			name = RemoteDataSync;
			productName = RemoteDataSync;
			productReference = E0559C581C0E2A930038C5AD /* RemoteDataSync.framework */;
			productType = "com.apple.product-type.framework";
		};
/* End PBXNativeTarget section */

/* Begin PBXProject section */
		E0559C4F1C0E2A930038C5AD /* Project object */ = {
			isa = PBXProject;
			attributes = {
				LastUpgradeCheck = 0710;
				ORGANIZATIONNAME = "Anton Remizov";
				TargetAttributes = {
					E0443C1F1C20C87100DC4942 = {
						CreatedOnToolsVersion = 7.1;
					};
					E0559C571C0E2A930038C5AD = {
						CreatedOnToolsVersion = 7.1;
					};
				};
			};
			buildConfigurationList = E0559C521C0E2A930038C5AD /* Build configuration list for PBXProject "RemoteDataSync" */;
			compatibilityVersion = "Xcode 3.2";
			developmentRegion = English;
			hasScannedForEncodings = 0;
			knownRegions = (
				en,
				Base,
			);
			mainGroup = E0559C4E1C0E2A930038C5AD;
			productRefGroup = E0559C591C0E2A930038C5AD /* Products */;
			projectDirPath = "";
			projectRoot = "";
			targets = (
				E0559C571C0E2A930038C5AD /* RemoteDataSync */,
				E0443C1F1C20C87100DC4942 /* Sample */,
			);
		};
/* End PBXProject section */

/* Begin PBXResourcesBuildPhase section */
		E0443C1E1C20C87100DC4942 /* Resources */ = {
			isa = PBXResourcesBuildPhase;
			buildActionMask = 2147483647;
			files = (
				E0443C321C20C87100DC4942 /* LaunchScreen.storyboard in Resources */,
				E0443C2F1C20C87100DC4942 /* Assets.xcassets in Resources */,
				E0443C2D1C20C87100DC4942 /* Main.storyboard in Resources */,
			);
			runOnlyForDeploymentPostprocessing = 0;
		};
		E0559C561C0E2A930038C5AD /* Resources */ = {
			isa = PBXResourcesBuildPhase;
			buildActionMask = 2147483647;
			files = (
			);
			runOnlyForDeploymentPostprocessing = 0;
		};
/* End PBXResourcesBuildPhase section */

/* Begin PBXShellScriptBuildPhase section */
		015E8C35686B827CAAA37215 /* Embed Pods Frameworks */ = {
			isa = PBXShellScriptBuildPhase;
			buildActionMask = 2147483647;
			files = (
			);
			inputPaths = (
			);
			name = "Embed Pods Frameworks";
			outputPaths = (
			);
			runOnlyForDeploymentPostprocessing = 0;
			shellPath = /bin/sh;
			shellScript = "\"${SRCROOT}/Pods/Target Support Files/Pods-Sample/Pods-Sample-frameworks.sh\"\n";
			showEnvVarsInLog = 0;
		};
		71B3FAF8307CD9D9E688563B /* Check Pods Manifest.lock */ = {
			isa = PBXShellScriptBuildPhase;
			buildActionMask = 2147483647;
			files = (
			);
			inputPaths = (
			);
			name = "Check Pods Manifest.lock";
			outputPaths = (
			);
			runOnlyForDeploymentPostprocessing = 0;
			shellPath = /bin/sh;
			shellScript = "diff \"${PODS_ROOT}/../Podfile.lock\" \"${PODS_ROOT}/Manifest.lock\" > /dev/null\nif [[ $? != 0 ]] ; then\n    cat << EOM\nerror: The sandbox is not in sync with the Podfile.lock. Run 'pod install' or update your CocoaPods installation.\nEOM\n    exit 1\nfi\n";
			showEnvVarsInLog = 0;
		};
		8869FAA2BC041E329919A7B5 /* Copy Pods Resources */ = {
			isa = PBXShellScriptBuildPhase;
			buildActionMask = 2147483647;
			files = (
			);
			inputPaths = (
			);
			name = "Copy Pods Resources";
			outputPaths = (
			);
			runOnlyForDeploymentPostprocessing = 0;
			shellPath = /bin/sh;
			shellScript = "\"${SRCROOT}/Pods/Target Support Files/Pods-RemoteDataSync/Pods-RemoteDataSync-resources.sh\"\n";
			showEnvVarsInLog = 0;
		};
		C73993DC04A9E9A7E0B111A6 /* Check Pods Manifest.lock */ = {
			isa = PBXShellScriptBuildPhase;
			buildActionMask = 2147483647;
			files = (
			);
			inputPaths = (
			);
			name = "Check Pods Manifest.lock";
			outputPaths = (
			);
			runOnlyForDeploymentPostprocessing = 0;
			shellPath = /bin/sh;
			shellScript = "diff \"${PODS_ROOT}/../Podfile.lock\" \"${PODS_ROOT}/Manifest.lock\" > /dev/null\nif [[ $? != 0 ]] ; then\n    cat << EOM\nerror: The sandbox is not in sync with the Podfile.lock. Run 'pod install' or update your CocoaPods installation.\nEOM\n    exit 1\nfi\n";
			showEnvVarsInLog = 0;
		};
		ED4218312E88FE2DF227178B /* Copy Pods Resources */ = {
			isa = PBXShellScriptBuildPhase;
			buildActionMask = 2147483647;
			files = (
			);
			inputPaths = (
			);
			name = "Copy Pods Resources";
			outputPaths = (
			);
			runOnlyForDeploymentPostprocessing = 0;
			shellPath = /bin/sh;
			shellScript = "\"${SRCROOT}/Pods/Target Support Files/Pods-Sample/Pods-Sample-resources.sh\"\n";
			showEnvVarsInLog = 0;
		};
/* End PBXShellScriptBuildPhase section */

/* Begin PBXSourcesBuildPhase section */
		E0443C1C1C20C87100DC4942 /* Sources */ = {
			isa = PBXSourcesBuildPhase;
			buildActionMask = 2147483647;
			files = (
				E0443C441C20CE6500DC4942 /* RDSDictionaryRequestConfigurator.m in Sources */,
				E0443C2A1C20C87100DC4942 /* ViewController.m in Sources */,
				E0443C421C20CE6500DC4942 /* RDSAFNetworkConnector.m in Sources */,
				E0443C431C20CE6500DC4942 /* RDSCoreDataStore.m in Sources */,
				E0443C461C20CE6500DC4942 /* RDSMapping.m in Sources */,
				E0443C451C20CE6500DC4942 /* RDSManager.m in Sources */,
				E0443C4B1C20CE6500DC4942 /* RDSPLISTRequestConfigurator.m in Sources */,
				E0443C481C20CE6500DC4942 /* RDSMappingStore.m in Sources */,
				E0443C561C20D06000DC4942 /* NetworkManager.m in Sources */,
				E0443C491C20CE6500DC4942 /* RDSObjectFactory.m in Sources */,
				E0443C471C20CE6500DC4942 /* RDSMappingItem.m in Sources */,
				E0443C271C20C87100DC4942 /* AppDelegate.m in Sources */,
				E0443C241C20C87100DC4942 /* main.m in Sources */,
				E0443C411C20CE6500DC4942 /* NSManagedObject+RDS.m in Sources */,
				E0443C521C20D04B00DC4942 /* Login+CoreDataProperties.m in Sources */,
				E0443C4D1C20CE6500DC4942 /* RDSTypeConverter.m in Sources */,
				E0443C4A1C20CE6500DC4942 /* RDSObjectFactoryCache.m in Sources */,
				E0443C4C1C20CE6500DC4942 /* RDSRequestConfiguration.m in Sources */,
				E0443C401C20CDBF00DC4942 /* Model.xcdatamodeld in Sources */,
				E0443C531C20D04B00DC4942 /* Login.m in Sources */,
			);
			runOnlyForDeploymentPostprocessing = 0;
		};
		E0559C531C0E2A930038C5AD /* Sources */ = {
			isa = PBXSourcesBuildPhase;
			buildActionMask = 2147483647;
			files = (
				E0443C081C20C65B00DC4942 /* RDSMapping.m in Sources */,
				E0443C0B1C20C65B00DC4942 /* RDSMappingItem.m in Sources */,
				E0443C131C20C65B00DC4942 /* RDSObjectFactoryCache.m in Sources */,
				E0443C041C20C65B00DC4942 /* RDSDictionaryRequestConfigurator.m in Sources */,
				E0443C151C20C65B00DC4942 /* RDSPLISTRequestConfigurator.m in Sources */,
				E0443C111C20C65B00DC4942 /* RDSObjectFactory.m in Sources */,
				E0443BFD1C20C65B00DC4942 /* NSManagedObject+RDS.m in Sources */,
				E0443C011C20C65B00DC4942 /* RDSCoreDataStore.m in Sources */,
				E0443C061C20C65B00DC4942 /* RDSManager.m in Sources */,
				E0443C0E1C20C65B00DC4942 /* RDSMappingStore.m in Sources */,
				E0443C171C20C65B00DC4942 /* RDSRequestConfiguration.m in Sources */,
				E0443BFF1C20C65B00DC4942 /* RDSAFNetworkConnector.m in Sources */,
				E0443C1A1C20C65B00DC4942 /* RDSTypeConverter.m in Sources */,
			);
			runOnlyForDeploymentPostprocessing = 0;
		};
/* End PBXSourcesBuildPhase section */

/* Begin PBXVariantGroup section */
		E0443C2B1C20C87100DC4942 /* Main.storyboard */ = {
			isa = PBXVariantGroup;
			children = (
				E0443C2C1C20C87100DC4942 /* Base */,
			);
			name = Main.storyboard;
			sourceTree = "<group>";
		};
		E0443C301C20C87100DC4942 /* LaunchScreen.storyboard */ = {
			isa = PBXVariantGroup;
			children = (
				E0443C311C20C87100DC4942 /* Base */,
			);
			name = LaunchScreen.storyboard;
			sourceTree = "<group>";
		};
/* End PBXVariantGroup section */

/* Begin XCBuildConfiguration section */
		E0443C341C20C87100DC4942 /* Debug */ = {
			isa = XCBuildConfiguration;
			baseConfigurationReference = 2C97B6240BB104B7C85381BE /* Pods-Sample.debug.xcconfig */;
			buildSettings = {
				ASSETCATALOG_COMPILER_APPICON_NAME = AppIcon;
				INFOPLIST_FILE = Sample/Info.plist;
				LD_RUNPATH_SEARCH_PATHS = "$(inherited) @executable_path/Frameworks";
				PRODUCT_BUNDLE_IDENTIFIER = com.papaanton.Sample;
				PRODUCT_NAME = "$(TARGET_NAME)";
			};
			name = Debug;
		};
		E0443C351C20C87100DC4942 /* Release */ = {
			isa = XCBuildConfiguration;
			baseConfigurationReference = DEEFAEBD8F6C812F1970C168 /* Pods-Sample.release.xcconfig */;
			buildSettings = {
				ASSETCATALOG_COMPILER_APPICON_NAME = AppIcon;
				INFOPLIST_FILE = Sample/Info.plist;
				LD_RUNPATH_SEARCH_PATHS = "$(inherited) @executable_path/Frameworks";
				PRODUCT_BUNDLE_IDENTIFIER = com.papaanton.Sample;
				PRODUCT_NAME = "$(TARGET_NAME)";
			};
			name = Release;
		};
		E0559C5E1C0E2A930038C5AD /* Debug */ = {
			isa = XCBuildConfiguration;
			buildSettings = {
				ALWAYS_SEARCH_USER_PATHS = NO;
				CLANG_CXX_LANGUAGE_STANDARD = "gnu++0x";
				CLANG_CXX_LIBRARY = "libc++";
				CLANG_ENABLE_MODULES = YES;
				CLANG_ENABLE_OBJC_ARC = YES;
				CLANG_WARN_BOOL_CONVERSION = YES;
				CLANG_WARN_CONSTANT_CONVERSION = YES;
				CLANG_WARN_DIRECT_OBJC_ISA_USAGE = YES_ERROR;
				CLANG_WARN_EMPTY_BODY = YES;
				CLANG_WARN_ENUM_CONVERSION = YES;
				CLANG_WARN_INT_CONVERSION = YES;
				CLANG_WARN_OBJC_ROOT_CLASS = YES_ERROR;
				CLANG_WARN_UNREACHABLE_CODE = YES;
				CLANG_WARN__DUPLICATE_METHOD_MATCH = YES;
				"CODE_SIGN_IDENTITY[sdk=iphoneos*]" = "iPhone Developer";
				COPY_PHASE_STRIP = NO;
				CURRENT_PROJECT_VERSION = 1;
				DEBUG_INFORMATION_FORMAT = dwarf;
				ENABLE_STRICT_OBJC_MSGSEND = YES;
				ENABLE_TESTABILITY = YES;
				GCC_C_LANGUAGE_STANDARD = gnu99;
				GCC_DYNAMIC_NO_PIC = NO;
				GCC_NO_COMMON_BLOCKS = YES;
				GCC_OPTIMIZATION_LEVEL = 0;
				GCC_PREPROCESSOR_DEFINITIONS = (
					"DEBUG=1",
					"$(inherited)",
				);
				GCC_WARN_64_TO_32_BIT_CONVERSION = YES;
				GCC_WARN_ABOUT_RETURN_TYPE = YES_ERROR;
				GCC_WARN_UNDECLARED_SELECTOR = YES;
				GCC_WARN_UNINITIALIZED_AUTOS = YES_AGGRESSIVE;
				GCC_WARN_UNUSED_FUNCTION = YES;
				GCC_WARN_UNUSED_VARIABLE = YES;
				IPHONEOS_DEPLOYMENT_TARGET = 9.1;
				MTL_ENABLE_DEBUG_INFO = YES;
				ONLY_ACTIVE_ARCH = YES;
				SDKROOT = iphoneos;
				TARGETED_DEVICE_FAMILY = "1,2";
				VERSIONING_SYSTEM = "apple-generic";
				VERSION_INFO_PREFIX = "";
			};
			name = Debug;
		};
		E0559C5F1C0E2A930038C5AD /* Release */ = {
			isa = XCBuildConfiguration;
			buildSettings = {
				ALWAYS_SEARCH_USER_PATHS = NO;
				CLANG_CXX_LANGUAGE_STANDARD = "gnu++0x";
				CLANG_CXX_LIBRARY = "libc++";
				CLANG_ENABLE_MODULES = YES;
				CLANG_ENABLE_OBJC_ARC = YES;
				CLANG_WARN_BOOL_CONVERSION = YES;
				CLANG_WARN_CONSTANT_CONVERSION = YES;
				CLANG_WARN_DIRECT_OBJC_ISA_USAGE = YES_ERROR;
				CLANG_WARN_EMPTY_BODY = YES;
				CLANG_WARN_ENUM_CONVERSION = YES;
				CLANG_WARN_INT_CONVERSION = YES;
				CLANG_WARN_OBJC_ROOT_CLASS = YES_ERROR;
				CLANG_WARN_UNREACHABLE_CODE = YES;
				CLANG_WARN__DUPLICATE_METHOD_MATCH = YES;
				"CODE_SIGN_IDENTITY[sdk=iphoneos*]" = "iPhone Developer";
				COPY_PHASE_STRIP = NO;
				CURRENT_PROJECT_VERSION = 1;
				DEBUG_INFORMATION_FORMAT = "dwarf-with-dsym";
				ENABLE_NS_ASSERTIONS = NO;
				ENABLE_STRICT_OBJC_MSGSEND = YES;
				GCC_C_LANGUAGE_STANDARD = gnu99;
				GCC_NO_COMMON_BLOCKS = YES;
				GCC_WARN_64_TO_32_BIT_CONVERSION = YES;
				GCC_WARN_ABOUT_RETURN_TYPE = YES_ERROR;
				GCC_WARN_UNDECLARED_SELECTOR = YES;
				GCC_WARN_UNINITIALIZED_AUTOS = YES_AGGRESSIVE;
				GCC_WARN_UNUSED_FUNCTION = YES;
				GCC_WARN_UNUSED_VARIABLE = YES;
				IPHONEOS_DEPLOYMENT_TARGET = 9.1;
				MTL_ENABLE_DEBUG_INFO = NO;
				SDKROOT = iphoneos;
				TARGETED_DEVICE_FAMILY = "1,2";
				VALIDATE_PRODUCT = YES;
				VERSIONING_SYSTEM = "apple-generic";
				VERSION_INFO_PREFIX = "";
			};
			name = Release;
		};
		E0559C611C0E2A930038C5AD /* Debug */ = {
			isa = XCBuildConfiguration;
			baseConfigurationReference = 03A46003097306C8D38887F2 /* Pods-RemoteDataSync.debug.xcconfig */;
			buildSettings = {
				DEFINES_MODULE = YES;
				DYLIB_COMPATIBILITY_VERSION = 1;
				DYLIB_CURRENT_VERSION = 1;
				DYLIB_INSTALL_NAME_BASE = "@rpath";
				INFOPLIST_FILE = RemoteDataSync/Info.plist;
				INSTALL_PATH = "$(LOCAL_LIBRARY_DIR)/Frameworks";
				LD_RUNPATH_SEARCH_PATHS = "$(inherited) @executable_path/Frameworks @loader_path/Frameworks";
				PRODUCT_BUNDLE_IDENTIFIER = com.papaanton.RemoteDataSync;
				PRODUCT_NAME = "$(TARGET_NAME)";
				SKIP_INSTALL = YES;
			};
			name = Debug;
		};
		E0559C621C0E2A930038C5AD /* Release */ = {
			isa = XCBuildConfiguration;
			baseConfigurationReference = 9CA7F0DEBE86569E0161D253 /* Pods-RemoteDataSync.release.xcconfig */;
			buildSettings = {
				DEFINES_MODULE = YES;
				DYLIB_COMPATIBILITY_VERSION = 1;
				DYLIB_CURRENT_VERSION = 1;
				DYLIB_INSTALL_NAME_BASE = "@rpath";
				INFOPLIST_FILE = RemoteDataSync/Info.plist;
				INSTALL_PATH = "$(LOCAL_LIBRARY_DIR)/Frameworks";
				LD_RUNPATH_SEARCH_PATHS = "$(inherited) @executable_path/Frameworks @loader_path/Frameworks";
				PRODUCT_BUNDLE_IDENTIFIER = com.papaanton.RemoteDataSync;
				PRODUCT_NAME = "$(TARGET_NAME)";
				SKIP_INSTALL = YES;
			};
			name = Release;
		};
/* End XCBuildConfiguration section */

/* Begin XCConfigurationList section */
		E0443C361C20C87100DC4942 /* Build configuration list for PBXNativeTarget "Sample" */ = {
			isa = XCConfigurationList;
			buildConfigurations = (
				E0443C341C20C87100DC4942 /* Debug */,
				E0443C351C20C87100DC4942 /* Release */,
			);
			defaultConfigurationIsVisible = 0;
			defaultConfigurationName = Release;
		};
		E0559C521C0E2A930038C5AD /* Build configuration list for PBXProject "RemoteDataSync" */ = {
			isa = XCConfigurationList;
			buildConfigurations = (
				E0559C5E1C0E2A930038C5AD /* Debug */,
				E0559C5F1C0E2A930038C5AD /* Release */,
			);
			defaultConfigurationIsVisible = 0;
			defaultConfigurationName = Release;
		};
		E0559C601C0E2A930038C5AD /* Build configuration list for PBXNativeTarget "RemoteDataSync" */ = {
			isa = XCConfigurationList;
			buildConfigurations = (
				E0559C611C0E2A930038C5AD /* Debug */,
				E0559C621C0E2A930038C5AD /* Release */,
			);
			defaultConfigurationIsVisible = 0;
			defaultConfigurationName = Release;
		};
/* End XCConfigurationList section */

/* Begin XCVersionGroup section */
		E0443C3E1C20CDBF00DC4942 /* Model.xcdatamodeld */ = {
			isa = XCVersionGroup;
			children = (
				E0443C3F1C20CDBF00DC4942 /* Model.xcdatamodel */,
			);
			currentVersion = E0443C3F1C20CDBF00DC4942 /* Model.xcdatamodel */;
			path = Model.xcdatamodeld;
			sourceTree = "<group>";
			versionGroupType = wrapper.xcdatamodel;
		};
/* End XCVersionGroup section */
	};
	rootObject = E0559C4F1C0E2A930038C5AD /* Project object */;
}
